// !$*UTF8*$!
{
	archiveVersion = 1;
	classes = {
	};
	objectVersion = 46;
	objects = {

/* Begin PBXBuildFile section */
		AF18897419F4B2FC00E66FC2 /* TesterArrayController.swift in Sources */ = {isa = PBXBuildFile; fileRef = AF18897319F4B2FC00E66FC2 /* TesterArrayController.swift */; };
		AF18897619F4BB4F00E66FC2 /* TesterWindow.swift in Sources */ = {isa = PBXBuildFile; fileRef = AF18897519F4BB4F00E66FC2 /* TesterWindow.swift */; };
		AF18897819F531B700E66FC2 /* TableRow.swift in Sources */ = {isa = PBXBuildFile; fileRef = AF18897719F531B600E66FC2 /* TableRow.swift */; };
		AF1889A519F55BFF00E66FC2 /* WebKit.framework in Frameworks */ = {isa = PBXBuildFile; fileRef = AF1889A419F55BFF00E66FC2 /* WebKit.framework */; };
		AF48AEA713B6E9ED0018BFA6 /* Cocoa.framework in Frameworks */ = {isa = PBXBuildFile; fileRef = AF48AEA613B6E9ED0018BFA6 /* Cocoa.framework */; };
		AF48AEB213B6E9ED0018BFA6 /* InfoPlist.strings in Resources */ = {isa = PBXBuildFile; fileRef = AF48AEB013B6E9ED0018BFA6 /* InfoPlist.strings */; };
		AF48AEB913B6E9EE0018BFA6 /* MainMenu.xib in Resources */ = {isa = PBXBuildFile; fileRef = AF48AEB713B6E9EE0018BFA6 /* MainMenu.xib */; };
		AF52728919F14B0A00C097CF /* AppDelegate.swift in Sources */ = {isa = PBXBuildFile; fileRef = AF52728819F14B0A00C097CF /* AppDelegate.swift */; };
		AF52728B19F14B2700C097CF /* PrefPaneController.swift in Sources */ = {isa = PBXBuildFile; fileRef = AF52728A19F14B2700C097CF /* PrefPaneController.swift */; };
		AF5C286D1A07094C009D50CB /* hmmmmm.icns in Resources */ = {isa = PBXBuildFile; fileRef = AF5C28691A07094C009D50CB /* hmmmmm.icns */; };
		AF5C286E1A07094C009D50CB /* PrefPane.xib in Resources */ = {isa = PBXBuildFile; fileRef = AF5C286B1A07094C009D50CB /* PrefPane.xib */; };
/* End PBXBuildFile section */

/* Begin PBXFileReference section */
		AF18897319F4B2FC00E66FC2 /* TesterArrayController.swift */ = {isa = PBXFileReference; fileEncoding = 4; lastKnownFileType = sourcecode.swift; path = TesterArrayController.swift; sourceTree = "<group>"; };
		AF18897519F4BB4F00E66FC2 /* TesterWindow.swift */ = {isa = PBXFileReference; fileEncoding = 4; lastKnownFileType = sourcecode.swift; path = TesterWindow.swift; sourceTree = "<group>"; };
		AF18897719F531B600E66FC2 /* TableRow.swift */ = {isa = PBXFileReference; fileEncoding = 4; lastKnownFileType = sourcecode.swift; path = TableRow.swift; sourceTree = "<group>"; };
		AF1889A419F55BFF00E66FC2 /* WebKit.framework */ = {isa = PBXFileReference; lastKnownFileType = wrapper.framework; name = WebKit.framework; path = System/Library/Frameworks/WebKit.framework; sourceTree = SDKROOT; };
		AF48AEA213B6E9ED0018BFA6 /* AXElementsTester.app */ = {isa = PBXFileReference; explicitFileType = wrapper.application; includeInIndex = 0; path = AXElementsTester.app; sourceTree = BUILT_PRODUCTS_DIR; };
		AF48AEA613B6E9ED0018BFA6 /* Cocoa.framework */ = {isa = PBXFileReference; lastKnownFileType = wrapper.framework; name = Cocoa.framework; path = System/Library/Frameworks/Cocoa.framework; sourceTree = SDKROOT; };
		AF48AEAF13B6E9ED0018BFA6 /* AXElementsTester-Info.plist */ = {isa = PBXFileReference; lastKnownFileType = text.plist.xml; path = "AXElementsTester-Info.plist"; sourceTree = "<group>"; };
		AF48AEB113B6E9ED0018BFA6 /* en */ = {isa = PBXFileReference; lastKnownFileType = text.plist.strings; name = en; path = en.lproj/InfoPlist.strings; sourceTree = "<group>"; };
		AF48AEB313B6E9ED0018BFA6 /* AXElementsTester-Prefix.pch */ = {isa = PBXFileReference; lastKnownFileType = sourcecode.c.h; path = "AXElementsTester-Prefix.pch"; sourceTree = "<group>"; };
		AF48AEB813B6E9EE0018BFA6 /* en */ = {isa = PBXFileReference; lastKnownFileType = file.xib; name = en; path = en.lproj/MainMenu.xib; sourceTree = "<group>"; };
		AF52728819F14B0A00C097CF /* AppDelegate.swift */ = {isa = PBXFileReference; fileEncoding = 4; lastKnownFileType = sourcecode.swift; path = AppDelegate.swift; sourceTree = "<group>"; };
		AF52728A19F14B2700C097CF /* PrefPaneController.swift */ = {isa = PBXFileReference; fileEncoding = 4; lastKnownFileType = sourcecode.swift; path = PrefPaneController.swift; sourceTree = "<group>"; };
		AF5C286A1A07094C009D50CB /* en */ = {isa = PBXFileReference; lastKnownFileType = image.icns; name = en; path = en.lproj/hmmmmm.icns; sourceTree = "<group>"; };
		AF5C286C1A07094C009D50CB /* en */ = {isa = PBXFileReference; lastKnownFileType = file.xib; name = en; path = en.lproj/PrefPane.xib; sourceTree = "<group>"; };
/* End PBXFileReference section */

/* Begin PBXFrameworksBuildPhase section */
		AF48AE9F13B6E9ED0018BFA6 /* Frameworks */ = {
			isa = PBXFrameworksBuildPhase;
			buildActionMask = 2147483647;
			files = (
				AF1889A519F55BFF00E66FC2 /* WebKit.framework in Frameworks */,
				AF48AEA713B6E9ED0018BFA6 /* Cocoa.framework in Frameworks */,
			);
			runOnlyForDeploymentPostprocessing = 0;
		};
/* End PBXFrameworksBuildPhase section */

/* Begin PBXGroup section */
		AF48AE9713B6E9ED0018BFA6 = {
			isa = PBXGroup;
			children = (
				AF48AEAD13B6E9ED0018BFA6 /* AXElementsTester */,
				AF48AEA513B6E9ED0018BFA6 /* Frameworks */,
				AF48AEA313B6E9ED0018BFA6 /* Products */,
			);
			sourceTree = "<group>";
		};
		AF48AEA313B6E9ED0018BFA6 /* Products */ = {
			isa = PBXGroup;
			children = (
				AF48AEA213B6E9ED0018BFA6 /* AXElementsTester.app */,
			);
			name = Products;
			sourceTree = "<group>";
		};
		AF48AEA513B6E9ED0018BFA6 /* Frameworks */ = {
			isa = PBXGroup;
			children = (
				AF1889A419F55BFF00E66FC2 /* WebKit.framework */,
				AF48AEA613B6E9ED0018BFA6 /* Cocoa.framework */,
			);
			name = Frameworks;
			sourceTree = "<group>";
		};
		AF48AEAD13B6E9ED0018BFA6 /* AXElementsTester */ = {
			isa = PBXGroup;
			children = (
				AF52728819F14B0A00C097CF /* AppDelegate.swift */,
				AF18897719F531B600E66FC2 /* TableRow.swift */,
				AF18897519F4BB4F00E66FC2 /* TesterWindow.swift */,
				AF18897319F4B2FC00E66FC2 /* TesterArrayController.swift */,
				AF52728A19F14B2700C097CF /* PrefPaneController.swift */,
				AF48AEB613B6E9EE0018BFA6 /* Resources */,
				AF48AEAE13B6E9ED0018BFA6 /* Supporting Files */,
			);
			path = AXElementsTester;
			sourceTree = "<group>";
		};
		AF48AEAE13B6E9ED0018BFA6 /* Supporting Files */ = {
			isa = PBXGroup;
			children = (
				AF48AEAF13B6E9ED0018BFA6 /* AXElementsTester-Info.plist */,
				AF48AEB013B6E9ED0018BFA6 /* InfoPlist.strings */,
				AF48AEB313B6E9ED0018BFA6 /* AXElementsTester-Prefix.pch */,
			);
			name = "Supporting Files";
			sourceTree = "<group>";
		};
		AF48AEB613B6E9EE0018BFA6 /* Resources */ = {
			isa = PBXGroup;
			children = (
				AF5C28691A07094C009D50CB /* hmmmmm.icns */,
				AF5C286B1A07094C009D50CB /* PrefPane.xib */,
				AF48AEB713B6E9EE0018BFA6 /* MainMenu.xib */,
			);
			name = Resources;
			sourceTree = "<group>";
		};
/* End PBXGroup section */

/* Begin PBXNativeTarget section */
		AF48AEA113B6E9ED0018BFA6 /* AXElementsTester */ = {
			isa = PBXNativeTarget;
			buildConfigurationList = AF48AEC113B6E9EE0018BFA6 /* Build configuration list for PBXNativeTarget "AXElementsTester" */;
			buildPhases = (
				AF48AE9E13B6E9ED0018BFA6 /* Sources */,
				AF48AE9F13B6E9ED0018BFA6 /* Frameworks */,
				AF48AEA013B6E9ED0018BFA6 /* Resources */,
			);
			buildRules = (
			);
			dependencies = (
			);
			name = AXElementsTester;
			productName = AXElementsTester;
			productReference = AF48AEA213B6E9ED0018BFA6 /* AXElementsTester.app */;
			productType = "com.apple.product-type.application";
		};
/* End PBXNativeTarget section */

/* Begin PBXProject section */
		AF48AE9913B6E9ED0018BFA6 /* Project object */ = {
			isa = PBXProject;
			attributes = {
				LastUpgradeCheck = 0820;
				ORGANIZATIONNAME = "Marketcircle Incorporated";
				TargetAttributes = {
					AF48AEA113B6E9ED0018BFA6 = {
						LastSwiftMigration = 0820;
					};
				};
			};
			buildConfigurationList = AF48AE9C13B6E9ED0018BFA6 /* Build configuration list for PBXProject "AXElementsTester" */;
			compatibilityVersion = "Xcode 3.2";
			developmentRegion = English;
			hasScannedForEncodings = 0;
			knownRegions = (
				en,
			);
			mainGroup = AF48AE9713B6E9ED0018BFA6;
			productRefGroup = AF48AEA313B6E9ED0018BFA6 /* Products */;
			projectDirPath = "";
			projectRoot = "";
			targets = (
				AF48AEA113B6E9ED0018BFA6 /* AXElementsTester */,
			);
		};
/* End PBXProject section */

/* Begin PBXResourcesBuildPhase section */
		AF48AEA013B6E9ED0018BFA6 /* Resources */ = {
			isa = PBXResourcesBuildPhase;
			buildActionMask = 2147483647;
			files = (
				AF48AEB213B6E9ED0018BFA6 /* InfoPlist.strings in Resources */,
				AF5C286D1A07094C009D50CB /* hmmmmm.icns in Resources */,
				AF5C286E1A07094C009D50CB /* PrefPane.xib in Resources */,
				AF48AEB913B6E9EE0018BFA6 /* MainMenu.xib in Resources */,
			);
			runOnlyForDeploymentPostprocessing = 0;
		};
/* End PBXResourcesBuildPhase section */

/* Begin PBXSourcesBuildPhase section */
		AF48AE9E13B6E9ED0018BFA6 /* Sources */ = {
			isa = PBXSourcesBuildPhase;
			buildActionMask = 2147483647;
			files = (
				AF18897419F4B2FC00E66FC2 /* TesterArrayController.swift in Sources */,
				AF52728B19F14B2700C097CF /* PrefPaneController.swift in Sources */,
				AF18897819F531B700E66FC2 /* TableRow.swift in Sources */,
				AF52728919F14B0A00C097CF /* AppDelegate.swift in Sources */,
				AF18897619F4BB4F00E66FC2 /* TesterWindow.swift in Sources */,
			);
			runOnlyForDeploymentPostprocessing = 0;
		};
/* End PBXSourcesBuildPhase section */

/* Begin PBXVariantGroup section */
		AF48AEB013B6E9ED0018BFA6 /* InfoPlist.strings */ = {
			isa = PBXVariantGroup;
			children = (
				AF48AEB113B6E9ED0018BFA6 /* en */,
			);
			name = InfoPlist.strings;
			sourceTree = "<group>";
		};
		AF48AEB713B6E9EE0018BFA6 /* MainMenu.xib */ = {
			isa = PBXVariantGroup;
			children = (
				AF48AEB813B6E9EE0018BFA6 /* en */,
			);
			name = MainMenu.xib;
			sourceTree = "<group>";
		};
		AF5C28691A07094C009D50CB /* hmmmmm.icns */ = {
			isa = PBXVariantGroup;
			children = (
				AF5C286A1A07094C009D50CB /* en */,
			);
			name = hmmmmm.icns;
			sourceTree = "<group>";
		};
		AF5C286B1A07094C009D50CB /* PrefPane.xib */ = {
			isa = PBXVariantGroup;
			children = (
				AF5C286C1A07094C009D50CB /* en */,
			);
			name = PrefPane.xib;
			sourceTree = "<group>";
		};
/* End PBXVariantGroup section */

/* Begin XCBuildConfiguration section */
		AF48AEBF13B6E9EE0018BFA6 /* Debug */ = {
			isa = XCBuildConfiguration;
			buildSettings = {
				CLANG_WARN_BOOL_CONVERSION = YES;
				CLANG_WARN_CONSTANT_CONVERSION = YES;
				CLANG_WARN_EMPTY_BODY = YES;
				CLANG_WARN_ENUM_CONVERSION = YES;
				CLANG_WARN_INFINITE_RECURSION = YES;
				CLANG_WARN_INT_CONVERSION = YES;
				CLANG_WARN_SUSPICIOUS_MOVE = YES;
				CLANG_WARN_UNREACHABLE_CODE = YES;
				CLANG_WARN__DUPLICATE_METHOD_MATCH = YES;
				ENABLE_STRICT_OBJC_MSGSEND = YES;
				ENABLE_TESTABILITY = YES;
				FRAMEWORK_SEARCH_PATHS = "/Library/Frameworks/**";
				GCC_C_LANGUAGE_STANDARD = gnu99;
				GCC_NO_COMMON_BLOCKS = YES;
				GCC_OPTIMIZATION_LEVEL = 0;
				GCC_PREPROCESSOR_DEFINITIONS = DEBUG;
				GCC_SYMBOLS_PRIVATE_EXTERN = NO;
				GCC_VERSION = com.apple.compilers.llvm.clang.1_0;
				GCC_WARN_64_TO_32_BIT_CONVERSION = YES;
				GCC_WARN_ABOUT_RETURN_TYPE = YES;
				GCC_WARN_UNDECLARED_SELECTOR = YES;
				GCC_WARN_UNINITIALIZED_AUTOS = YES;
				GCC_WARN_UNUSED_FUNCTION = YES;
				GCC_WARN_UNUSED_VARIABLE = YES;
				MACOSX_DEPLOYMENT_TARGET = 10.10;
				ONLY_ACTIVE_ARCH = YES;
				SDKROOT = macosx;
				SYMROOT = "${SOURCE_ROOT}/../fixture";
				VALID_ARCHS = x86_64;
			};
			name = Debug;
		};
		AF48AEC013B6E9EE0018BFA6 /* Release */ = {
			isa = XCBuildConfiguration;
			buildSettings = {
				CLANG_WARN_BOOL_CONVERSION = YES;
				CLANG_WARN_CONSTANT_CONVERSION = YES;
				CLANG_WARN_EMPTY_BODY = YES;
				CLANG_WARN_ENUM_CONVERSION = YES;
				CLANG_WARN_INFINITE_RECURSION = YES;
				CLANG_WARN_INT_CONVERSION = YES;
				CLANG_WARN_SUSPICIOUS_MOVE = YES;
				CLANG_WARN_UNREACHABLE_CODE = YES;
				CLANG_WARN__DUPLICATE_METHOD_MATCH = YES;
				ENABLE_STRICT_OBJC_MSGSEND = YES;
				FRAMEWORK_SEARCH_PATHS = "/Library/Frameworks/**";
				GCC_C_LANGUAGE_STANDARD = gnu99;
				GCC_NO_COMMON_BLOCKS = YES;
				GCC_VERSION = com.apple.compilers.llvm.clang.1_0;
				GCC_WARN_64_TO_32_BIT_CONVERSION = YES;
				GCC_WARN_ABOUT_RETURN_TYPE = YES;
				GCC_WARN_UNDECLARED_SELECTOR = YES;
				GCC_WARN_UNINITIALIZED_AUTOS = YES;
				GCC_WARN_UNUSED_FUNCTION = YES;
				GCC_WARN_UNUSED_VARIABLE = YES;
				MACOSX_DEPLOYMENT_TARGET = 10.10;
				SDKROOT = macosx;
				SWIFT_OPTIMIZATION_LEVEL = "-Owholemodule";
				SYMROOT = "${SOURCE_ROOT}/../fixture";
				VALID_ARCHS = x86_64;
			};
			name = Release;
		};
		AF48AEC213B6E9EE0018BFA6 /* Debug */ = {
			isa = XCBuildConfiguration;
			buildSettings = {
				ALWAYS_SEARCH_USER_PATHS = NO;
				CLANG_ENABLE_MODULES = YES;
				COMBINE_HIDPI_IMAGES = YES;
				COPY_PHASE_STRIP = NO;
				FRAMEWORK_SEARCH_PATHS = (
					"/Library/Frameworks/**",
					"~/Library/Frameworks/**",
				);
				GCC_DYNAMIC_NO_PIC = NO;
				GCC_ENABLE_OBJC_EXCEPTIONS = YES;
				GCC_PRECOMPILE_PREFIX_HEADER = YES;
				GCC_PREFIX_HEADER = "AXElementsTester/AXElementsTester-Prefix.pch";
				INFOPLIST_FILE = "AXElementsTester/AXElementsTester-Info.plist";
				LD_RUNPATH_SEARCH_PATHS = "$(inherited) @executable_path/../Frameworks";
				MACOSX_DEPLOYMENT_TARGET = 10.9;
				PRODUCT_BUNDLE_IDENTIFIER = "com.marketcircle.${PRODUCT_NAME:rfc1034identifier}";
				PRODUCT_NAME = "$(TARGET_NAME)";
				SWIFT_OPTIMIZATION_LEVEL = "-Onone";
				SWIFT_VERSION = 3.0;
				VALID_ARCHS = x86_64;
				WRAPPER_EXTENSION = app;
			};
			name = Debug;
		};
		AF48AEC313B6E9EE0018BFA6 /* Release */ = {
			isa = XCBuildConfiguration;
			buildSettings = {
				ALWAYS_SEARCH_USER_PATHS = NO;
				CLANG_ENABLE_MODULES = YES;
				COMBINE_HIDPI_IMAGES = YES;
				COPY_PHASE_STRIP = YES;
				DEBUG_INFORMATION_FORMAT = "dwarf-with-dsym";
				FRAMEWORK_SEARCH_PATHS = (
					"/Library/Frameworks/**",
					"~/Library/Frameworks/**",
				);
				GCC_ENABLE_OBJC_EXCEPTIONS = YES;
				GCC_PRECOMPILE_PREFIX_HEADER = YES;
				GCC_PREFIX_HEADER = "AXElementsTester/AXElementsTester-Prefix.pch";
				INFOPLIST_FILE = "AXElementsTester/AXElementsTester-Info.plist";
				LD_RUNPATH_SEARCH_PATHS = "$(inherited) @executable_path/../Frameworks";
				MACOSX_DEPLOYMENT_TARGET = 10.9;
				PRODUCT_BUNDLE_IDENTIFIER = "com.marketcircle.${PRODUCT_NAME:rfc1034identifier}";
				PRODUCT_NAME = "$(TARGET_NAME)";
				SWIFT_VERSION = 3.0;
				VALID_ARCHS = x86_64;
				WRAPPER_EXTENSION = app;
			};
			name = Release;
		};
/* End XCBuildConfiguration section */

/* Begin XCConfigurationList section */
		AF48AE9C13B6E9ED0018BFA6 /* Build configuration list for PBXProject "AXElementsTester" */ = {
			isa = XCConfigurationList;
			buildConfigurations = (
				AF48AEBF13B6E9EE0018BFA6 /* Debug */,
				AF48AEC013B6E9EE0018BFA6 /* Release */,
			);
			defaultConfigurationIsVisible = 0;
			defaultConfigurationName = Release;
		};
		AF48AEC113B6E9EE0018BFA6 /* Build configuration list for PBXNativeTarget "AXElementsTester" */ = {
			isa = XCConfigurationList;
			buildConfigurations = (
				AF48AEC213B6E9EE0018BFA6 /* Debug */,
				AF48AEC313B6E9EE0018BFA6 /* Release */,
			);
			defaultConfigurationIsVisible = 0;
			defaultConfigurationName = Release;
		};
/* End XCConfigurationList section */
	};
	rootObject = AF48AE9913B6E9ED0018BFA6 /* Project object */;
}
